
Microsoft Visual Studio Solution File, Format Version 12.00
# Visual Studio Version 17
VisualStudioVersion = 17.4.33205.214
MinimumVisualStudioVersion = 10.0.40219.1
Project("{FAE04EC0-301F-11D3-BF4B-00C04F79EFBC}") = "WpfExplorer", "WpfExplorer\WpfExplorer.csproj", "{B6F907C3-4F9D-4767-BA42-77E1F8D918DA}"
EndProject
Project("{FAE04EC0-301F-11D3-BF4B-00C04F79EFBC}") = "WpfExplorerControl", "WpfExplorerControl\WpfExplorerControl.csproj", "{9782C87F-EC15-434D-B69D-E94D4DCE59DF}"
EndProject
Global
	GlobalSection(SolutionConfigurationPlatforms) = preSolution
		Debug|Any CPU = Debug|Any CPU
		Release|Any CPU = Release|Any CPU
	EndGlobalSection
	GlobalSection(ProjectConfigurationPlatforms) = postSolution
		{B6F907C3-4F9D-4767-BA42-77E1F8D918DA}.Debug|Any CPU.ActiveCfg = Debug|Any CPU
		{B6F907C3-4F9D-4767-BA42-77E1F8D918DA}.Debug|Any CPU.Build.0 = Debug|Any CPU
		{B6F907C3-4F9D-4767-BA42-77E1F8D918DA}.Release|Any CPU.ActiveCfg = Release|Any CPU
		{B6F907C3-4F9D-4767-BA42-77E1F8D918DA}.Release|Any CPU.Build.0 = Release|Any CPU
		{9782C87F-EC15-434D-B69D-E94D4DCE59DF}.Debug|Any CPU.ActiveCfg = Debug|Any CPU
		{9782C87F-EC15-434D-B69D-E94D4DCE59DF}.Debug|Any CPU.Build.0 = Debug|Any CPU
		{9782C87F-EC15-434D-B69D-E94D4DCE59DF}.Release|Any CPU.ActiveCfg = Release|Any CPU
		{9782C87F-EC15-434D-B69D-E94D4DCE59DF}.Release|Any CPU.Build.0 = Release|Any CPU
	EndGlobalSection
	GlobalSection(SolutionProperties) = preSolution
		HideSolutionNode = FALSE
	EndGlobalSection
	GlobalSection(ExtensibilityGlobals) = postSolution
		SolutionGuid = {EF7CDC81-9520-44AF-BA34-B8E7350175AF}
	EndGlobalSection
EndGlobal
